
Microsoft Visual Studio Solution File, Format Version 12.00
# Visual Studio Version 17
VisualStudioVersion = 17.6.33712.159
MinimumVisualStudioVersion = 10.0.40219.1
Project("{FAE04EC0-301F-11D3-BF4B-00C04F79EFBC}") = "ProyectoFinalMovil2.Android", "ProyectoFinalMovil2.Android\ProyectoFinalMovil2.Android.csproj", "{FCABADFB-EF38-47BD-A3DE-2AA51E09EFE1}"
EndProject
Project("{FAE04EC0-301F-11D3-BF4B-00C04F79EFBC}") = "ProyectoFinalMovil2", "ProyectoFinalMovil2\ProyectoFinalMovil2.csproj", "{9EBC524E-CE0D-49FA-99A8-D4BD8AC16C98}"
EndProject
Global
	GlobalSection(SolutionConfigurationPlatforms) = preSolution
		Debug|Any CPU = Debug|Any CPU
		Release|Any CPU = Release|Any CPU
	EndGlobalSection
	GlobalSection(ProjectConfigurationPlatforms) = postSolution
		{FCABADFB-EF38-47BD-A3DE-2AA51E09EFE1}.Debug|Any CPU.ActiveCfg = Debug|Any CPU
		{FCABADFB-EF38-47BD-A3DE-2AA51E09EFE1}.Debug|Any CPU.Build.0 = Debug|Any CPU
		{FCABADFB-EF38-47BD-A3DE-2AA51E09EFE1}.Debug|Any CPU.Deploy.0 = Debug|Any CPU
		{FCABADFB-EF38-47BD-A3DE-2AA51E09EFE1}.Release|Any CPU.ActiveCfg = Release|Any CPU
		{FCABADFB-EF38-47BD-A3DE-2AA51E09EFE1}.Release|Any CPU.Build.0 = Release|Any CPU
		{FCABADFB-EF38-47BD-A3DE-2AA51E09EFE1}.Release|Any CPU.Deploy.0 = Release|Any CPU
		{9EBC524E-CE0D-49FA-99A8-D4BD8AC16C98}.Debug|Any CPU.ActiveCfg = Debug|Any CPU
		{9EBC524E-CE0D-49FA-99A8-D4BD8AC16C98}.Debug|Any CPU.Build.0 = Debug|Any CPU
		{9EBC524E-CE0D-49FA-99A8-D4BD8AC16C98}.Debug|Any CPU.Deploy.0 = Debug|Any CPU
		{9EBC524E-CE0D-49FA-99A8-D4BD8AC16C98}.Release|Any CPU.ActiveCfg = Release|Any CPU
		{9EBC524E-CE0D-49FA-99A8-D4BD8AC16C98}.Release|Any CPU.Build.0 = Release|Any CPU
		{9EBC524E-CE0D-49FA-99A8-D4BD8AC16C98}.Release|Any CPU.Deploy.0 = Release|Any CPU
	EndGlobalSection
	GlobalSection(SolutionProperties) = preSolution
		HideSolutionNode = FALSE
	EndGlobalSection
	GlobalSection(ExtensibilityGlobals) = postSolution
		SolutionGuid = {0E1A8350-A86E-437F-8ECA-FF6AA7B658D9}
	EndGlobalSection
EndGlobal
